
Microsoft Visual Studio Solution File, Format Version 12.00
# Visual Studio Version 17
VisualStudioVersion = 17.2.32526.322
MinimumVisualStudioVersion = 10.0.40219.1
Project("{FAE04EC0-301F-11D3-BF4B-00C04F79EFBC}") = "doktor_hasta", "doktor_hasta\doktor_hasta.csproj", "{09423D72-7698-4D19-B46A-AF40F4596A48}"
EndProject
Global
	GlobalSection(SolutionConfigurationPlatforms) = preSolution
		Debug|Any CPU = Debug|Any CPU
		Release|Any CPU = Release|Any CPU
	EndGlobalSection
	GlobalSection(ProjectConfigurationPlatforms) = postSolution
		{09423D72-7698-4D19-B46A-AF40F4596A48}.Debug|Any CPU.ActiveCfg = Debug|Any CPU
		{09423D72-7698-4D19-B46A-AF40F4596A48}.Debug|Any CPU.Build.0 = Debug|Any CPU
		{09423D72-7698-4D19-B46A-AF40F4596A48}.Release|Any CPU.ActiveCfg = Release|Any CPU
		{09423D72-7698-4D19-B46A-AF40F4596A48}.Release|Any CPU.Build.0 = Release|Any CPU
	EndGlobalSection
	GlobalSection(SolutionProperties) = preSolution
		HideSolutionNode = FALSE
	EndGlobalSection
	GlobalSection(ExtensibilityGlobals) = postSolution
		SolutionGuid = {854F1689-B701-4D94-BC98-2DE56F416C65}
	EndGlobalSection
EndGlobal
